
Microsoft Visual Studio Solution File, Format Version 12.00
# Visual Studio Version 17
VisualStudioVersion = 17.0.31903.59
MinimumVisualStudioVersion = 10.0.40219.1
Project("{FAE04EC0-301F-11D3-BF4B-00C04F79EFBC}") = "BaseLib", "..\BaseLib\BaseLib.csproj", "{B283D986-D0B9-4B16-AC04-D0DA348A46A9}"
EndProject
Project("{FAE04EC0-301F-11D3-BF4B-00C04F79EFBC}") = "ReferenceBaseLibWithSln", "ReferenceBaseLibWithSln.csproj", "{D94C69A4-5DA8-40F5-9879-9DF8799E2CF4}"
EndProject
Global
	GlobalSection(SolutionConfigurationPlatforms) = preSolution
		Debug|Any CPU = Debug|Any CPU
		Release|Any CPU = Release|Any CPU
	EndGlobalSection
	GlobalSection(SolutionProperties) = preSolution
		HideSolutionNode = FALSE
	EndGlobalSection
	GlobalSection(ProjectConfigurationPlatforms) = postSolution
		{B283D986-D0B9-4B16-AC04-D0DA348A46A9}.Debug|Any CPU.ActiveCfg = Debug|Any CPU
		{B283D986-D0B9-4B16-AC04-D0DA348A46A9}.Debug|Any CPU.Build.0 = Debug|Any CPU
		{B283D986-D0B9-4B16-AC04-D0DA348A46A9}.Release|Any CPU.ActiveCfg = Release|Any CPU
		{B283D986-D0B9-4B16-AC04-D0DA348A46A9}.Release|Any CPU.Build.0 = Release|Any CPU
		{D94C69A4-5DA8-40F5-9879-9DF8799E2CF4}.Debug|Any CPU.ActiveCfg = Debug|Any CPU
		{D94C69A4-5DA8-40F5-9879-9DF8799E2CF4}.Debug|Any CPU.Build.0 = Debug|Any CPU
		{D94C69A4-5DA8-40F5-9879-9DF8799E2CF4}.Release|Any CPU.ActiveCfg = Release|Any CPU
		{D94C69A4-5DA8-40F5-9879-9DF8799E2CF4}.Release|Any CPU.Build.0 = Release|Any CPU
	EndGlobalSection
EndGlobal
